
Microsoft Visual Studio Solution File, Format Version 12.00
# Visual Studio Version 16
VisualStudioVersion = 16.0.29806.167
MinimumVisualStudioVersion = 10.0.40219.1
Project("{8BC9CEB8-8B4A-11D0-8D11-00A0C91BC942}") = "bag_bead", "bag_bead.vcxproj", "{84657B97-8A3F-42C0-AE42-84C4ECC4FBAC}"
EndProject
Global
	GlobalSection(SolutionConfigurationPlatforms) = preSolution
		Debug|x64 = Debug|x64
		Debug|x86 = Debug|x86
		Release|x64 = Release|x64
		Release|x86 = Release|x86
	EndGlobalSection
	GlobalSection(ProjectConfigurationPlatforms) = postSolution
		{84657B97-8A3F-42C0-AE42-84C4ECC4FBAC}.Debug|x64.ActiveCfg = Debug|x64
		{84657B97-8A3F-42C0-AE42-84C4ECC4FBAC}.Debug|x64.Build.0 = Debug|x64
		{84657B97-8A3F-42C0-AE42-84C4ECC4FBAC}.Debug|x86.ActiveCfg = Debug|Win32
		{84657B97-8A3F-42C0-AE42-84C4ECC4FBAC}.Debug|x86.Build.0 = Debug|Win32
		{84657B97-8A3F-42C0-AE42-84C4ECC4FBAC}.Release|x64.ActiveCfg = Release|x64
		{84657B97-8A3F-42C0-AE42-84C4ECC4FBAC}.Release|x64.Build.0 = Release|x64
		{84657B97-8A3F-42C0-AE42-84C4ECC4FBAC}.Release|x86.ActiveCfg = Release|Win32
		{84657B97-8A3F-42C0-AE42-84C4ECC4FBAC}.Release|x86.Build.0 = Release|Win32
	EndGlobalSection
	GlobalSection(SolutionProperties) = preSolution
		HideSolutionNode = FALSE
	EndGlobalSection
	GlobalSection(ExtensibilityGlobals) = postSolution
		SolutionGuid = {712981FF-D043-4D0D-BB8E-791272F9331F}
	EndGlobalSection
EndGlobal
